// !$*UTF8*$!
{
	archiveVersion = 1;
	classes = {
	};
	objectVersion = 55;
	objects = {

/* Begin PBXBuildFile section */
		93D9DEEE2A29DCAA0024D3C6 /* FilamentViewController.mm in Sources */ = {isa = PBXBuildFile; fileRef = 93D9DEED2A29DCAA0024D3C6 /* FilamentViewController.mm */; };
		93D9DEF02A29DEB30024D3C6 /* MetalKit.framework in Frameworks */ = {isa = PBXBuildFile; fileRef = 93D9DEEF2A29DEB30024D3C6 /* MetalKit.framework */; };
		93FE33C12A29D6DA0030598C /* AppDelegate.m in Sources */ = {isa = PBXBuildFile; fileRef = 93FE33C02A29D6DA0030598C /* AppDelegate.m */; };
		93FE33C42A29D6DA0030598C /* SceneDelegate.m in Sources */ = {isa = PBXBuildFile; fileRef = 93FE33C32A29D6DA0030598C /* SceneDelegate.m */; };
		93FE33C72A29D6DA0030598C /* ViewController.m in Sources */ = {isa = PBXBuildFile; fileRef = 93FE33C62A29D6DA0030598C /* ViewController.m */; };
		93FE33CA2A29D6DA0030598C /* Main.storyboard in Resources */ = {isa = PBXBuildFile; fileRef = 93FE33C82A29D6DA0030598C /* Main.storyboard */; };
		93FE33CC2A29D6DB0030598C /* Assets.xcassets in Resources */ = {isa = PBXBuildFile; fileRef = 93FE33CB2A29D6DB0030598C /* Assets.xcassets */; };
		93FE33CF2A29D6DB0030598C /* LaunchScreen.storyboard in Resources */ = {isa = PBXBuildFile; fileRef = 93FE33CD2A29D6DB0030598C /* LaunchScreen.storyboard */; };
		93FE33D22A29D6DB0030598C /* main.m in Sources */ = {isa = PBXBuildFile; fileRef = 93FE33D12A29D6DB0030598C /* main.m */; };
		D1E221CA512101A19048BDD3 /* Pods_FilamentDemo.framework in Frameworks */ = {isa = PBXBuildFile; fileRef = E7FCDA3B77E238FF876595A9 /* Pods_FilamentDemo.framework */; };
/* End PBXBuildFile section */

/* Begin PBXFileReference section */
		93D9DEEC2A29DCAA0024D3C6 /* FilamentViewController.h */ = {isa = PBXFileReference; lastKnownFileType = sourcecode.c.h; path = FilamentViewController.h; sourceTree = "<group>"; };
		93D9DEED2A29DCAA0024D3C6 /* FilamentViewController.mm */ = {isa = PBXFileReference; lastKnownFileType = sourcecode.cpp.objcpp; path = FilamentViewController.mm; sourceTree = "<group>"; };
		93D9DEEF2A29DEB30024D3C6 /* MetalKit.framework */ = {isa = PBXFileReference; lastKnownFileType = wrapper.framework; name = MetalKit.framework; path = System/Library/Frameworks/MetalKit.framework; sourceTree = SDKROOT; };
		93FE33BC2A29D6DA0030598C /* FilamentDemo.app */ = {isa = PBXFileReference; explicitFileType = wrapper.application; includeInIndex = 0; path = FilamentDemo.app; sourceTree = BUILT_PRODUCTS_DIR; };
		93FE33BF2A29D6DA0030598C /* AppDelegate.h */ = {isa = PBXFileReference; lastKnownFileType = sourcecode.c.h; path = AppDelegate.h; sourceTree = "<group>"; };
		93FE33C02A29D6DA0030598C /* AppDelegate.m */ = {isa = PBXFileReference; lastKnownFileType = sourcecode.c.objc; path = AppDelegate.m; sourceTree = "<group>"; };
		93FE33C22A29D6DA0030598C /* SceneDelegate.h */ = {isa = PBXFileReference; lastKnownFileType = sourcecode.c.h; path = SceneDelegate.h; sourceTree = "<group>"; };
		93FE33C32A29D6DA0030598C /* SceneDelegate.m */ = {isa = PBXFileReference; lastKnownFileType = sourcecode.c.objc; path = SceneDelegate.m; sourceTree = "<group>"; };
		93FE33C52A29D6DA0030598C /* ViewController.h */ = {isa = PBXFileReference; lastKnownFileType = sourcecode.c.h; path = ViewController.h; sourceTree = "<group>"; };
		93FE33C62A29D6DA0030598C /* ViewController.m */ = {isa = PBXFileReference; lastKnownFileType = sourcecode.c.objc; path = ViewController.m; sourceTree = "<group>"; };
		93FE33C92A29D6DA0030598C /* Base */ = {isa = PBXFileReference; lastKnownFileType = file.storyboard; name = Base; path = Base.lproj/Main.storyboard; sourceTree = "<group>"; };
		93FE33CB2A29D6DB0030598C /* Assets.xcassets */ = {isa = PBXFileReference; lastKnownFileType = folder.assetcatalog; path = Assets.xcassets; sourceTree = "<group>"; };
		93FE33CE2A29D6DB0030598C /* Base */ = {isa = PBXFileReference; lastKnownFileType = file.storyboard; name = Base; path = Base.lproj/LaunchScreen.storyboard; sourceTree = "<group>"; };
		93FE33D02A29D6DB0030598C /* Info.plist */ = {isa = PBXFileReference; lastKnownFileType = text.plist.xml; path = Info.plist; sourceTree = "<group>"; };
		93FE33D12A29D6DB0030598C /* main.m */ = {isa = PBXFileReference; lastKnownFileType = sourcecode.c.objc; path = main.m; sourceTree = "<group>"; };
		D2B2639A48677F4C41BBE513 /* Pods-FilamentDemo.debug.xcconfig */ = {isa = PBXFileReference; includeInIndex = 1; lastKnownFileType = text.xcconfig; name = "Pods-FilamentDemo.debug.xcconfig"; path = "Target Support Files/Pods-FilamentDemo/Pods-FilamentDemo.debug.xcconfig"; sourceTree = "<group>"; };
		E1C0345C0976E44A65F10790 /* Pods-FilamentDemo.release.xcconfig */ = {isa = PBXFileReference; includeInIndex = 1; lastKnownFileType = text.xcconfig; name = "Pods-FilamentDemo.release.xcconfig"; path = "Target Support Files/Pods-FilamentDemo/Pods-FilamentDemo.release.xcconfig"; sourceTree = "<group>"; };
		E7FCDA3B77E238FF876595A9 /* Pods_FilamentDemo.framework */ = {isa = PBXFileReference; explicitFileType = wrapper.framework; includeInIndex = 0; path = Pods_FilamentDemo.framework; sourceTree = BUILT_PRODUCTS_DIR; };
/* End PBXFileReference section */

/* Begin PBXFrameworksBuildPhase section */
		93FE33B92A29D6DA0030598C /* Frameworks */ = {
			isa = PBXFrameworksBuildPhase;
			buildActionMask = 2147483647;
			files = (
				93D9DEF02A29DEB30024D3C6 /* MetalKit.framework in Frameworks */,
				D1E221CA512101A19048BDD3 /* Pods_FilamentDemo.framework in Frameworks */,
			);
			runOnlyForDeploymentPostprocessing = 0;
		};
/* End PBXFrameworksBuildPhase section */

/* Begin PBXGroup section */
		759879B3D63980A64C3296CC /* Pods */ = {
			isa = PBXGroup;
			children = (
				D2B2639A48677F4C41BBE513 /* Pods-FilamentDemo.debug.xcconfig */,
				E1C0345C0976E44A65F10790 /* Pods-FilamentDemo.release.xcconfig */,
			);
			path = Pods;
			sourceTree = "<group>";
		};
		85BFED18DA3645F3EA7F7DCC /* Frameworks */ = {
			isa = PBXGroup;
			children = (
				93D9DEEF2A29DEB30024D3C6 /* MetalKit.framework */,
				E7FCDA3B77E238FF876595A9 /* Pods_FilamentDemo.framework */,
			);
			name = Frameworks;
			sourceTree = "<group>";
		};
		93FE33B32A29D6DA0030598C = {
			isa = PBXGroup;
			children = (
				93FE33BE2A29D6DA0030598C /* FilamentDemo */,
				93FE33BD2A29D6DA0030598C /* Products */,
				759879B3D63980A64C3296CC /* Pods */,
				85BFED18DA3645F3EA7F7DCC /* Frameworks */,
			);
			sourceTree = "<group>";
		};
		93FE33BD2A29D6DA0030598C /* Products */ = {
			isa = PBXGroup;
			children = (
				93FE33BC2A29D6DA0030598C /* FilamentDemo.app */,
			);
			name = Products;
			sourceTree = "<group>";
		};
		93FE33BE2A29D6DA0030598C /* FilamentDemo */ = {
			isa = PBXGroup;
			children = (
				93FE33BF2A29D6DA0030598C /* AppDelegate.h */,
				93FE33C02A29D6DA0030598C /* AppDelegate.m */,
				93FE33C22A29D6DA0030598C /* SceneDelegate.h */,
				93FE33C32A29D6DA0030598C /* SceneDelegate.m */,
				93FE33C52A29D6DA0030598C /* ViewController.h */,
				93FE33C62A29D6DA0030598C /* ViewController.m */,
				93D9DEEC2A29DCAA0024D3C6 /* FilamentViewController.h */,
				93D9DEED2A29DCAA0024D3C6 /* FilamentViewController.mm */,
				93FE33C82A29D6DA0030598C /* Main.storyboard */,
				93FE33CB2A29D6DB0030598C /* Assets.xcassets */,
				93FE33CD2A29D6DB0030598C /* LaunchScreen.storyboard */,
				93FE33D02A29D6DB0030598C /* Info.plist */,
				93FE33D12A29D6DB0030598C /* main.m */,
			);
			path = FilamentDemo;
			sourceTree = "<group>";
		};
/* End PBXGroup section */

/* Begin PBXNativeTarget section */
		93FE33BB2A29D6DA0030598C /* FilamentDemo */ = {
			isa = PBXNativeTarget;
			buildConfigurationList = 93FE33D52A29D6DB0030598C /* Build configuration list for PBXNativeTarget "FilamentDemo" */;
			buildPhases = (
				4DF0B2D0ADEAA062D5CED045 /* [CP] Check Pods Manifest.lock */,
				93FE33B82A29D6DA0030598C /* Sources */,
				93FE33B92A29D6DA0030598C /* Frameworks */,
				93FE33BA2A29D6DA0030598C /* Resources */,
				E9685068422BB1F3D14C1F9B /* [CP] Embed Pods Frameworks */,
			);
			buildRules = (
			);
			dependencies = (
			);
			name = FilamentDemo;
			productName = FilamentDemo;
			productReference = 93FE33BC2A29D6DA0030598C /* FilamentDemo.app */;
			productType = "com.apple.product-type.application";
		};
/* End PBXNativeTarget section */

/* Begin PBXProject section */
		93FE33B42A29D6DA0030598C /* Project object */ = {
			isa = PBXProject;
			attributes = {
				BuildIndependentTargetsInParallel = 1;
				LastUpgradeCheck = 1420;
				TargetAttributes = {
					93FE33BB2A29D6DA0030598C = {
						CreatedOnToolsVersion = 14.2;
					};
				};
			};
			buildConfigurationList = 93FE33B72A29D6DA0030598C /* Build configuration list for PBXProject "FilamentDemo" */;
			compatibilityVersion = "Xcode 13.0";
			developmentRegion = en;
			hasScannedForEncodings = 0;
			knownRegions = (
				en,
				Base,
			);
			mainGroup = 93FE33B32A29D6DA0030598C;
			productRefGroup = 93FE33BD2A29D6DA0030598C /* Products */;
			projectDirPath = "";
			projectRoot = "";
			targets = (
				93FE33BB2A29D6DA0030598C /* FilamentDemo */,
			);
		};
/* End PBXProject section */

/* Begin PBXResourcesBuildPhase section */
		93FE33BA2A29D6DA0030598C /* Resources */ = {
			isa = PBXResourcesBuildPhase;
			buildActionMask = 2147483647;
			files = (
				93FE33CF2A29D6DB0030598C /* LaunchScreen.storyboard in Resources */,
				93FE33CC2A29D6DB0030598C /* Assets.xcassets in Resources */,
				93FE33CA2A29D6DA0030598C /* Main.storyboard in Resources */,
			);
			runOnlyForDeploymentPostprocessing = 0;
		};
/* End PBXResourcesBuildPhase section */

/* Begin PBXShellScriptBuildPhase section */
		4DF0B2D0ADEAA062D5CED045 /* [CP] Check Pods Manifest.lock */ = {
			isa = PBXShellScriptBuildPhase;
			buildActionMask = 2147483647;
			files = (
			);
			inputFileListPaths = (
			);
			inputPaths = (
				"${PODS_PODFILE_DIR_PATH}/Podfile.lock",
				"${PODS_ROOT}/Manifest.lock",
			);
			name = "[CP] Check Pods Manifest.lock";
			outputFileListPaths = (
			);
			outputPaths = (
				"$(DERIVED_FILE_DIR)/Pods-FilamentDemo-checkManifestLockResult.txt",
			);
			runOnlyForDeploymentPostprocessing = 0;
			shellPath = /bin/sh;
			shellScript = "diff \"${PODS_PODFILE_DIR_PATH}/Podfile.lock\" \"${PODS_ROOT}/Manifest.lock\" > /dev/null\nif [ $? != 0 ] ; then\n    # print error to STDERR\n    echo \"error: The sandbox is not in sync with the Podfile.lock. Run 'pod install' or update your CocoaPods installation.\" >&2\n    exit 1\nfi\n# This output is used by Xcode 'outputs' to avoid re-running this script phase.\necho \"SUCCESS\" > \"${SCRIPT_OUTPUT_FILE_0}\"\n";
			showEnvVarsInLog = 0;
		};
		E9685068422BB1F3D14C1F9B /* [CP] Embed Pods Frameworks */ = {
			isa = PBXShellScriptBuildPhase;
			buildActionMask = 2147483647;
			files = (
			);
			inputFileListPaths = (
				"${PODS_ROOT}/Target Support Files/Pods-FilamentDemo/Pods-FilamentDemo-frameworks-${CONFIGURATION}-input-files.xcfilelist",
			);
			name = "[CP] Embed Pods Frameworks";
			outputFileListPaths = (
				"${PODS_ROOT}/Target Support Files/Pods-FilamentDemo/Pods-FilamentDemo-frameworks-${CONFIGURATION}-output-files.xcfilelist",
			);
			runOnlyForDeploymentPostprocessing = 0;
			shellPath = /bin/sh;
			shellScript = "\"${PODS_ROOT}/Target Support Files/Pods-FilamentDemo/Pods-FilamentDemo-frameworks.sh\"\n";
			showEnvVarsInLog = 0;
		};
/* End PBXShellScriptBuildPhase section */

/* Begin PBXSourcesBuildPhase section */
		93FE33B82A29D6DA0030598C /* Sources */ = {
			isa = PBXSourcesBuildPhase;
			buildActionMask = 2147483647;
			files = (
				93FE33C72A29D6DA0030598C /* ViewController.m in Sources */,
				93FE33C12A29D6DA0030598C /* AppDelegate.m in Sources */,
				93D9DEEE2A29DCAA0024D3C6 /* FilamentViewController.mm in Sources */,
				93FE33D22A29D6DB0030598C /* main.m in Sources */,
				93FE33C42A29D6DA0030598C /* SceneDelegate.m in Sources */,
			);
			runOnlyForDeploymentPostprocessing = 0;
		};
/* End PBXSourcesBuildPhase section */

/* Begin PBXVariantGroup section */
		93FE33C82A29D6DA0030598C /* Main.storyboard */ = {
			isa = PBXVariantGroup;
			children = (
				93FE33C92A29D6DA0030598C /* Base */,
			);
			name = Main.storyboard;
			sourceTree = "<group>";
		};
		93FE33CD2A29D6DB0030598C /* LaunchScreen.storyboard */ = {
			isa = PBXVariantGroup;
			children = (
				93FE33CE2A29D6DB0030598C /* Base */,
			);
			name = LaunchScreen.storyboard;
			sourceTree = "<group>";
		};
/* End PBXVariantGroup section */

/* Begin XCBuildConfiguration section */
		93FE33D32A29D6DB0030598C /* Debug */ = {
			isa = XCBuildConfiguration;
			buildSettings = {
				ALWAYS_SEARCH_USER_PATHS = NO;
				CLANG_ANALYZER_NONNULL = YES;
				CLANG_ANALYZER_NUMBER_OBJECT_CONVERSION = YES_AGGRESSIVE;
				CLANG_CXX_LANGUAGE_STANDARD = "gnu++20";
				CLANG_ENABLE_MODULES = YES;
				CLANG_ENABLE_OBJC_ARC = YES;
				CLANG_ENABLE_OBJC_WEAK = YES;
				CLANG_WARN_BLOCK_CAPTURE_AUTORELEASING = YES;
				CLANG_WARN_BOOL_CONVERSION = YES;
				CLANG_WARN_COMMA = YES;
				CLANG_WARN_CONSTANT_CONVERSION = YES;
				CLANG_WARN_DEPRECATED_OBJC_IMPLEMENTATIONS = YES;
				CLANG_WARN_DIRECT_OBJC_ISA_USAGE = YES_ERROR;
				CLANG_WARN_DOCUMENTATION_COMMENTS = YES;
				CLANG_WARN_EMPTY_BODY = YES;
				CLANG_WARN_ENUM_CONVERSION = YES;
				CLANG_WARN_INFINITE_RECURSION = YES;
				CLANG_WARN_INT_CONVERSION = YES;
				CLANG_WARN_NON_LITERAL_NULL_CONVERSION = YES;
				CLANG_WARN_OBJC_IMPLICIT_RETAIN_SELF = YES;
				CLANG_WARN_OBJC_LITERAL_CONVERSION = YES;
				CLANG_WARN_OBJC_ROOT_CLASS = YES_ERROR;
				CLANG_WARN_QUOTED_INCLUDE_IN_FRAMEWORK_HEADER = YES;
				CLANG_WARN_RANGE_LOOP_ANALYSIS = YES;
				CLANG_WARN_STRICT_PROTOTYPES = YES;
				CLANG_WARN_SUSPICIOUS_MOVE = YES;
				CLANG_WARN_UNGUARDED_AVAILABILITY = YES_AGGRESSIVE;
				CLANG_WARN_UNREACHABLE_CODE = YES;
				CLANG_WARN__DUPLICATE_METHOD_MATCH = YES;
				COPY_PHASE_STRIP = NO;
				DEBUG_INFORMATION_FORMAT = dwarf;
				ENABLE_STRICT_OBJC_MSGSEND = YES;
				ENABLE_TESTABILITY = YES;
				GCC_C_LANGUAGE_STANDARD = gnu11;
				GCC_DYNAMIC_NO_PIC = NO;
				GCC_NO_COMMON_BLOCKS = YES;
				GCC_OPTIMIZATION_LEVEL = 0;
				GCC_PREPROCESSOR_DEFINITIONS = (
					"DEBUG=1",
					"$(inherited)",
				);
				GCC_WARN_64_TO_32_BIT_CONVERSION = YES;
				GCC_WARN_ABOUT_RETURN_TYPE = YES_ERROR;
				GCC_WARN_UNDECLARED_SELECTOR = YES;
				GCC_WARN_UNINITIALIZED_AUTOS = YES_AGGRESSIVE;
				GCC_WARN_UNUSED_FUNCTION = YES;
				GCC_WARN_UNUSED_VARIABLE = YES;
				IPHONEOS_DEPLOYMENT_TARGET = 16.2;
				MTL_ENABLE_DEBUG_INFO = INCLUDE_SOURCE;
				MTL_FAST_MATH = YES;
				ONLY_ACTIVE_ARCH = YES;
				SDKROOT = iphoneos;
			};
			name = Debug;
		};
		93FE33D42A29D6DB0030598C /* Release */ = {
			isa = XCBuildConfiguration;
			buildSettings = {
				ALWAYS_SEARCH_USER_PATHS = NO;
				CLANG_ANALYZER_NONNULL = YES;
				CLANG_ANALYZER_NUMBER_OBJECT_CONVERSION = YES_AGGRESSIVE;
				CLANG_CXX_LANGUAGE_STANDARD = "gnu++20";
				CLANG_ENABLE_MODULES = YES;
				CLANG_ENABLE_OBJC_ARC = YES;
				CLANG_ENABLE_OBJC_WEAK = YES;
				CLANG_WARN_BLOCK_CAPTURE_AUTORELEASING = YES;
				CLANG_WARN_BOOL_CONVERSION = YES;
				CLANG_WARN_COMMA = YES;
				CLANG_WARN_CONSTANT_CONVERSION = YES;
				CLANG_WARN_DEPRECATED_OBJC_IMPLEMENTATIONS = YES;
				CLANG_WARN_DIRECT_OBJC_ISA_USAGE = YES_ERROR;
				CLANG_WARN_DOCUMENTATION_COMMENTS = YES;
				CLANG_WARN_EMPTY_BODY = YES;
				CLANG_WARN_ENUM_CONVERSION = YES;
				CLANG_WARN_INFINITE_RECURSION = YES;
				CLANG_WARN_INT_CONVERSION = YES;
				CLANG_WARN_NON_LITERAL_NULL_CONVERSION = YES;
				CLANG_WARN_OBJC_IMPLICIT_RETAIN_SELF = YES;
				CLANG_WARN_OBJC_LITERAL_CONVERSION = YES;
				CLANG_WARN_OBJC_ROOT_CLASS = YES_ERROR;
				CLANG_WARN_QUOTED_INCLUDE_IN_FRAMEWORK_HEADER = YES;
				CLANG_WARN_RANGE_LOOP_ANALYSIS = YES;
				CLANG_WARN_STRICT_PROTOTYPES = YES;
				CLANG_WARN_SUSPICIOUS_MOVE = YES;
				CLANG_WARN_UNGUARDED_AVAILABILITY = YES_AGGRESSIVE;
				CLANG_WARN_UNREACHABLE_CODE = YES;
				CLANG_WARN__DUPLICATE_METHOD_MATCH = YES;
				COPY_PHASE_STRIP = NO;
				DEBUG_INFORMATION_FORMAT = "dwarf-with-dsym";
				ENABLE_NS_ASSERTIONS = NO;
				ENABLE_STRICT_OBJC_MSGSEND = YES;
				GCC_C_LANGUAGE_STANDARD = gnu11;
				GCC_NO_COMMON_BLOCKS = YES;
				GCC_WARN_64_TO_32_BIT_CONVERSION = YES;
				GCC_WARN_ABOUT_RETURN_TYPE = YES_ERROR;
				GCC_WARN_UNDECLARED_SELECTOR = YES;
				GCC_WARN_UNINITIALIZED_AUTOS = YES_AGGRESSIVE;
				GCC_WARN_UNUSED_FUNCTION = YES;
				GCC_WARN_UNUSED_VARIABLE = YES;
				IPHONEOS_DEPLOYMENT_TARGET = 16.2;
				MTL_ENABLE_DEBUG_INFO = NO;
				MTL_FAST_MATH = YES;
				SDKROOT = iphoneos;
				VALIDATE_PRODUCT = YES;
			};
			name = Release;
		};
		93FE33D62A29D6DB0030598C /* Debug */ = {
			isa = XCBuildConfiguration;
			baseConfigurationReference = D2B2639A48677F4C41BBE513 /* Pods-FilamentDemo.debug.xcconfig */;
			buildSettings = {
				ASSETCATALOG_COMPILER_APPICON_NAME = AppIcon;
				ASSETCATALOG_COMPILER_GLOBAL_ACCENT_COLOR_NAME = AccentColor;
				CODE_SIGN_STYLE = Automatic;
				CURRENT_PROJECT_VERSION = 1;
				DEVELOPMENT_TEAM = WDSNS842MX;
				GENERATE_INFOPLIST_FILE = YES;
				INFOPLIST_FILE = FilamentDemo/Info.plist;
				INFOPLIST_KEY_UIApplicationSupportsIndirectInputEvents = YES;
				INFOPLIST_KEY_UILaunchStoryboardName = LaunchScreen;
				INFOPLIST_KEY_UIMainStoryboardFile = Main;
				INFOPLIST_KEY_UISupportedInterfaceOrientations_iPad = "UIInterfaceOrientationPortrait UIInterfaceOrientationPortraitUpsideDown UIInterfaceOrientationLandscapeLeft UIInterfaceOrientationLandscapeRight";
				INFOPLIST_KEY_UISupportedInterfaceOrientations_iPhone = "UIInterfaceOrientationPortrait UIInterfaceOrientationLandscapeLeft UIInterfaceOrientationLandscapeRight";
				IPHONEOS_DEPLOYMENT_TARGET = 11.0;
				LD_RUNPATH_SEARCH_PATHS = (
					"$(inherited)",
					"@executable_path/Frameworks",
				);
				MARKETING_VERSION = 1.0;
				PRODUCT_BUNDLE_IDENTIFIER = com.wyanassert.test.FilamentDemo;
				PRODUCT_NAME = "$(TARGET_NAME)";
				SWIFT_EMIT_LOC_STRINGS = YES;
				TARGETED_DEVICE_FAMILY = "1,2";
			};
			name = Debug;
		};
		93FE33D72A29D6DB0030598C /* Release */ = {
			isa = XCBuildConfiguration;
			baseConfigurationReference = E1C0345C0976E44A65F10790 /* Pods-FilamentDemo.release.xcconfig */;
			buildSettings = {
				ASSETCATALOG_COMPILER_APPICON_NAME = AppIcon;
				ASSETCATALOG_COMPILER_GLOBAL_ACCENT_COLOR_NAME = AccentColor;
				CODE_SIGN_STYLE = Automatic;
				CURRENT_PROJECT_VERSION = 1;
				DEVELOPMENT_TEAM = WDSNS842MX;
				GENERATE_INFOPLIST_FILE = YES;
				INFOPLIST_FILE = FilamentDemo/Info.plist;
				INFOPLIST_KEY_UIApplicationSupportsIndirectInputEvents = YES;
				INFOPLIST_KEY_UILaunchStoryboardName = LaunchScreen;
				INFOPLIST_KEY_UIMainStoryboardFile = Main;
				INFOPLIST_KEY_UISupportedInterfaceOrientations_iPad = "UIInterfaceOrientationPortrait UIInterfaceOrientationPortraitUpsideDown UIInterfaceOrientationLandscapeLeft UIInterfaceOrientationLandscapeRight";
				INFOPLIST_KEY_UISupportedInterfaceOrientations_iPhone = "UIInterfaceOrientationPortrait UIInterfaceOrientationLandscapeLeft UIInterfaceOrientationLandscapeRight";
				IPHONEOS_DEPLOYMENT_TARGET = 11.0;
				LD_RUNPATH_SEARCH_PATHS = (
					"$(inherited)",
					"@executable_path/Frameworks",
				);
				MARKETING_VERSION = 1.0;
				PRODUCT_BUNDLE_IDENTIFIER = com.wyanassert.test.FilamentDemo;
				PRODUCT_NAME = "$(TARGET_NAME)";
				SWIFT_EMIT_LOC_STRINGS = YES;
				TARGETED_DEVICE_FAMILY = "1,2";
			};
			name = Release;
		};
/* End XCBuildConfiguration section */

/* Begin XCConfigurationList section */
		93FE33B72A29D6DA0030598C /* Build configuration list for PBXProject "FilamentDemo" */ = {
			isa = XCConfigurationList;
			buildConfigurations = (
				93FE33D32A29D6DB0030598C /* Debug */,
				93FE33D42A29D6DB0030598C /* Release */,
			);
			defaultConfigurationIsVisible = 0;
			defaultConfigurationName = Release;
		};
		93FE33D52A29D6DB0030598C /* Build configuration list for PBXNativeTarget "FilamentDemo" */ = {
			isa = XCConfigurationList;
			buildConfigurations = (
				93FE33D62A29D6DB0030598C /* Debug */,
				93FE33D72A29D6DB0030598C /* Release */,
			);
			defaultConfigurationIsVisible = 0;
			defaultConfigurationName = Release;
		};
/* End XCConfigurationList section */
	};
	rootObject = 93FE33B42A29D6DA0030598C /* Project object */;
}
